
Microsoft Visual Studio Solution File, Format Version 12.00
# Visual Studio Version 16
VisualStudioVersion = 16.0.29728.190
MinimumVisualStudioVersion = 10.0.40219.1
Project("{FAE04EC0-301F-11D3-BF4B-00C04F79EFBC}") = "WpfTemplateExamples", "WpfTemplateExamples.csproj", "{502CC591-D3CA-4BA4-9D90-5CDE7ADD0A25}"
EndProject
Global
	GlobalSection(SolutionConfigurationPlatforms) = preSolution
		Debug|Any CPU = Debug|Any CPU
		Release|Any CPU = Release|Any CPU
	EndGlobalSection
	GlobalSection(ProjectConfigurationPlatforms) = postSolution
		{502CC591-D3CA-4BA4-9D90-5CDE7ADD0A25}.Debug|Any CPU.ActiveCfg = Debug|Any CPU
		{502CC591-D3CA-4BA4-9D90-5CDE7ADD0A25}.Debug|Any CPU.Build.0 = Debug|Any CPU
		{502CC591-D3CA-4BA4-9D90-5CDE7ADD0A25}.Release|Any CPU.ActiveCfg = Release|Any CPU
		{502CC591-D3CA-4BA4-9D90-5CDE7ADD0A25}.Release|Any CPU.Build.0 = Release|Any CPU
	EndGlobalSection
	GlobalSection(SolutionProperties) = preSolution
		HideSolutionNode = FALSE
	EndGlobalSection
	GlobalSection(ExtensibilityGlobals) = postSolution
		SolutionGuid = {236FA72E-BECC-4F54-83D3-0D9166FB36A0}
	EndGlobalSection
EndGlobal
